
Microsoft Visual Studio Solution File, Format Version 12.00
# Visual Studio Version 17
VisualStudioVersion = 17.0.32014.148
MinimumVisualStudioVersion = 10.0.40219.1
Project("{FAE04EC0-301F-11D3-BF4B-00C04F79EFBC}") = "simple3D", "simple3D\simple3D.csproj", "{718D3FCB-2E96-4CDB-BDDA-63C72325583D}"
EndProject
Global
	GlobalSection(SolutionConfigurationPlatforms) = preSolution
		Debug|Any CPU = Debug|Any CPU
		Release|Any CPU = Release|Any CPU
	EndGlobalSection
	GlobalSection(ProjectConfigurationPlatforms) = postSolution
		{718D3FCB-2E96-4CDB-BDDA-63C72325583D}.Debug|Any CPU.ActiveCfg = Debug|Any CPU
		{718D3FCB-2E96-4CDB-BDDA-63C72325583D}.Debug|Any CPU.Build.0 = Debug|Any CPU
		{718D3FCB-2E96-4CDB-BDDA-63C72325583D}.Release|Any CPU.ActiveCfg = Release|Any CPU
		{718D3FCB-2E96-4CDB-BDDA-63C72325583D}.Release|Any CPU.Build.0 = Release|Any CPU
	EndGlobalSection
	GlobalSection(SolutionProperties) = preSolution
		HideSolutionNode = FALSE
	EndGlobalSection
	GlobalSection(ExtensibilityGlobals) = postSolution
		SolutionGuid = {57C32197-F653-4D88-8ABF-420674457087}
	EndGlobalSection
EndGlobal
